
Microsoft Visual Studio Solution File, Format Version 12.00
# Visual Studio Version 17
VisualStudioVersion = 17.13.35818.85 d17.13
MinimumVisualStudioVersion = 10.0.40219.1
Project("{FAE04EC0-301F-11D3-BF4B-00C04F79EFBC}") = "KrisInfoBlazor.ExternalAPI", "KrisInfoBlazor.ExternalAPI\KrisInfoBlazor.ExternalAPI.csproj", "{8E055C07-6CE3-43E9-9040-5B209ED38DFD}"
EndProject
Global
	GlobalSection(SolutionConfigurationPlatforms) = preSolution
		Debug|Any CPU = Debug|Any CPU
		Release|Any CPU = Release|Any CPU
	EndGlobalSection
	GlobalSection(ProjectConfigurationPlatforms) = postSolution
		{8E055C07-6CE3-43E9-9040-5B209ED38DFD}.Debug|Any CPU.ActiveCfg = Debug|Any CPU
		{8E055C07-6CE3-43E9-9040-5B209ED38DFD}.Debug|Any CPU.Build.0 = Debug|Any CPU
		{8E055C07-6CE3-43E9-9040-5B209ED38DFD}.Release|Any CPU.ActiveCfg = Release|Any CPU
		{8E055C07-6CE3-43E9-9040-5B209ED38DFD}.Release|Any CPU.Build.0 = Release|Any CPU
	EndGlobalSection
	GlobalSection(SolutionProperties) = preSolution
		HideSolutionNode = FALSE
	EndGlobalSection
	GlobalSection(ExtensibilityGlobals) = postSolution
		SolutionGuid = {C6DDA63A-09C0-43CF-9552-A81D2C5D0DA4}
	EndGlobalSection
EndGlobal
